
Microsoft Visual Studio Solution File, Format Version 12.00
# Visual Studio Version 17
VisualStudioVersion = 17.4.33213.308
MinimumVisualStudioVersion = 10.0.40219.1
Project("{9A19103F-16F7-4668-BE54-9A1E7A4F7556}") = "ShoppingCart", "Chapter2\ShoppingCart.csproj", "{E614DE10-D85B-4F93-9118-738124C2BB6F}"
EndProject
Project("{9A19103F-16F7-4668-BE54-9A1E7A4F7556}") = "LoyaltyProgram", "LoyaltyProgram\LoyaltyProgram.csproj", "{EE4D46A0-E493-4019-B6D7-F42A217FB1FB}"
EndProject
Project("{9A19103F-16F7-4668-BE54-9A1E7A4F7556}") = "ApiGatewayMock", "ApiGatewayMock\ApiGatewayMock.csproj", "{2FE65202-A800-4B1E-9BD5-853646BEB5BA}"
EndProject
Project("{2150E333-8FDC-42A3-9474-1A3956D46DE8}") = "LoyaltyProgram", "LoyaltyProgram", "{BD8CDEF9-B4FF-4335-BD32-02FFC29D51A0}"
EndProject
Project("{9A19103F-16F7-4668-BE54-9A1E7A4F7556}") = "EventConsumer", "EventConsumer\EventConsumer.csproj", "{F359E2BA-B1FC-4055-A219-F0775338A670}"
EndProject
Project("{2150E333-8FDC-42A3-9474-1A3956D46DE8}") = "ShoppingCart", "ShoppingCart", "{4010C5D0-AA17-4FB0-B5D3-0C8CC119F99E}"
EndProject
Project("{2150E333-8FDC-42A3-9474-1A3956D46DE8}") = "SpecialOffers", "SpecialOffers", "{3B286BA7-0062-4FF4-937B-57F3148821AF}"
EndProject
Project("{9A19103F-16F7-4668-BE54-9A1E7A4F7556}") = "SpecialOffers", "SpecialOffers\SpecialOffers.csproj", "{7666BAE8-D286-4507-A3F6-C815229CB468}"
EndProject
Project("{2150E333-8FDC-42A3-9474-1A3956D46DE8}") = "ProductCatalog", "ProductCatalog", "{C52C91A3-5390-4BAA-92A4-E1D3E7B9E88A}"
EndProject
Project("{9A19103F-16F7-4668-BE54-9A1E7A4F7556}") = "ProductCatalog", "ProductCatalog\ProductCatalog.csproj", "{57748472-47EF-4FE4-9D3A-D6480BEC12EC}"
EndProject
Project("{9A19103F-16F7-4668-BE54-9A1E7A4F7556}") = "LoyaltyProgramUnitTests", "LoyaltyProgramUnitTests\LoyaltyProgramUnitTests.csproj", "{0CE10CAB-02C9-47B4-AEDA-620BBA042495}"
EndProject
Project("{9A19103F-16F7-4668-BE54-9A1E7A4F7556}") = "LoyaltyProgramServiceTests", "LoyaltyProgramServiceTests\LoyaltyProgramServiceTests.csproj", "{59C453D3-5A17-4C9D-B77A-6CB2904718A7}"
EndProject
Project("{2150E333-8FDC-42A3-9474-1A3956D46DE8}") = "Login", "Login", "{64E456B3-86D9-4AAA-A9D2-22D45D6003B7}"
EndProject
Project("{9A19103F-16F7-4668-BE54-9A1E7A4F7556}") = "Login", "Login\Login.csproj", "{43D2E12E-5855-4858-94B2-7AAB74F72E60}"
EndProject
Project("{2150E333-8FDC-42A3-9474-1A3956D46DE8}") = "MiddlewarePackage", "MiddlewarePackage", "{D8F27CC4-067F-4F2D-A82B-6CB90F00E395}"
EndProject
Project("{9A19103F-16F7-4668-BE54-9A1E7A4F7556}") = "MiddlewarePackage", "MiddlewarePackage\MiddlewarePackage.csproj", "{C980AF88-5670-426C-A4CB-28B8838AD8EC}"
EndProject
Project("{FAE04EC0-301F-11D3-BF4B-00C04F79EFBC}") = "GatewayInterface", "GatewayInterface\GatewayInterface.csproj", "{F63C33DF-512E-49EB-8F97-36128950F38E}"
EndProject
Global
	GlobalSection(SolutionConfigurationPlatforms) = preSolution
		Debug|Any CPU = Debug|Any CPU
		Release|Any CPU = Release|Any CPU
	EndGlobalSection
	GlobalSection(ProjectConfigurationPlatforms) = postSolution
		{E614DE10-D85B-4F93-9118-738124C2BB6F}.Debug|Any CPU.ActiveCfg = Debug|Any CPU
		{E614DE10-D85B-4F93-9118-738124C2BB6F}.Debug|Any CPU.Build.0 = Debug|Any CPU
		{E614DE10-D85B-4F93-9118-738124C2BB6F}.Release|Any CPU.ActiveCfg = Release|Any CPU
		{E614DE10-D85B-4F93-9118-738124C2BB6F}.Release|Any CPU.Build.0 = Release|Any CPU
		{EE4D46A0-E493-4019-B6D7-F42A217FB1FB}.Debug|Any CPU.ActiveCfg = Debug|Any CPU
		{EE4D46A0-E493-4019-B6D7-F42A217FB1FB}.Debug|Any CPU.Build.0 = Debug|Any CPU
		{EE4D46A0-E493-4019-B6D7-F42A217FB1FB}.Release|Any CPU.ActiveCfg = Release|Any CPU
		{EE4D46A0-E493-4019-B6D7-F42A217FB1FB}.Release|Any CPU.Build.0 = Release|Any CPU
		{2FE65202-A800-4B1E-9BD5-853646BEB5BA}.Debug|Any CPU.ActiveCfg = Debug|Any CPU
		{2FE65202-A800-4B1E-9BD5-853646BEB5BA}.Debug|Any CPU.Build.0 = Debug|Any CPU
		{2FE65202-A800-4B1E-9BD5-853646BEB5BA}.Release|Any CPU.ActiveCfg = Release|Any CPU
		{2FE65202-A800-4B1E-9BD5-853646BEB5BA}.Release|Any CPU.Build.0 = Release|Any CPU
		{F359E2BA-B1FC-4055-A219-F0775338A670}.Debug|Any CPU.ActiveCfg = Debug|Any CPU
		{F359E2BA-B1FC-4055-A219-F0775338A670}.Debug|Any CPU.Build.0 = Debug|Any CPU
		{F359E2BA-B1FC-4055-A219-F0775338A670}.Release|Any CPU.ActiveCfg = Release|Any CPU
		{F359E2BA-B1FC-4055-A219-F0775338A670}.Release|Any CPU.Build.0 = Release|Any CPU
		{7666BAE8-D286-4507-A3F6-C815229CB468}.Debug|Any CPU.ActiveCfg = Debug|Any CPU
		{7666BAE8-D286-4507-A3F6-C815229CB468}.Debug|Any CPU.Build.0 = Debug|Any CPU
		{7666BAE8-D286-4507-A3F6-C815229CB468}.Release|Any CPU.ActiveCfg = Release|Any CPU
		{7666BAE8-D286-4507-A3F6-C815229CB468}.Release|Any CPU.Build.0 = Release|Any CPU
		{57748472-47EF-4FE4-9D3A-D6480BEC12EC}.Debug|Any CPU.ActiveCfg = Debug|Any CPU
		{57748472-47EF-4FE4-9D3A-D6480BEC12EC}.Debug|Any CPU.Build.0 = Debug|Any CPU
		{57748472-47EF-4FE4-9D3A-D6480BEC12EC}.Release|Any CPU.ActiveCfg = Release|Any CPU
		{57748472-47EF-4FE4-9D3A-D6480BEC12EC}.Release|Any CPU.Build.0 = Release|Any CPU
		{0CE10CAB-02C9-47B4-AEDA-620BBA042495}.Debug|Any CPU.ActiveCfg = Debug|Any CPU
		{0CE10CAB-02C9-47B4-AEDA-620BBA042495}.Debug|Any CPU.Build.0 = Debug|Any CPU
		{0CE10CAB-02C9-47B4-AEDA-620BBA042495}.Release|Any CPU.ActiveCfg = Release|Any CPU
		{0CE10CAB-02C9-47B4-AEDA-620BBA042495}.Release|Any CPU.Build.0 = Release|Any CPU
		{59C453D3-5A17-4C9D-B77A-6CB2904718A7}.Debug|Any CPU.ActiveCfg = Debug|Any CPU
		{59C453D3-5A17-4C9D-B77A-6CB2904718A7}.Debug|Any CPU.Build.0 = Debug|Any CPU
		{59C453D3-5A17-4C9D-B77A-6CB2904718A7}.Release|Any CPU.ActiveCfg = Release|Any CPU
		{59C453D3-5A17-4C9D-B77A-6CB2904718A7}.Release|Any CPU.Build.0 = Release|Any CPU
		{43D2E12E-5855-4858-94B2-7AAB74F72E60}.Debug|Any CPU.ActiveCfg = Debug|Any CPU
		{43D2E12E-5855-4858-94B2-7AAB74F72E60}.Debug|Any CPU.Build.0 = Debug|Any CPU
		{43D2E12E-5855-4858-94B2-7AAB74F72E60}.Release|Any CPU.ActiveCfg = Release|Any CPU
		{43D2E12E-5855-4858-94B2-7AAB74F72E60}.Release|Any CPU.Build.0 = Release|Any CPU
		{C980AF88-5670-426C-A4CB-28B8838AD8EC}.Debug|Any CPU.ActiveCfg = Debug|Any CPU
		{C980AF88-5670-426C-A4CB-28B8838AD8EC}.Debug|Any CPU.Build.0 = Debug|Any CPU
		{C980AF88-5670-426C-A4CB-28B8838AD8EC}.Release|Any CPU.ActiveCfg = Release|Any CPU
		{C980AF88-5670-426C-A4CB-28B8838AD8EC}.Release|Any CPU.Build.0 = Release|Any CPU
		{F63C33DF-512E-49EB-8F97-36128950F38E}.Debug|Any CPU.ActiveCfg = Debug|Any CPU
		{F63C33DF-512E-49EB-8F97-36128950F38E}.Debug|Any CPU.Build.0 = Debug|Any CPU
		{F63C33DF-512E-49EB-8F97-36128950F38E}.Release|Any CPU.ActiveCfg = Release|Any CPU
		{F63C33DF-512E-49EB-8F97-36128950F38E}.Release|Any CPU.Build.0 = Release|Any CPU
	EndGlobalSection
	GlobalSection(SolutionProperties) = preSolution
		HideSolutionNode = FALSE
	EndGlobalSection
	GlobalSection(NestedProjects) = preSolution
		{E614DE10-D85B-4F93-9118-738124C2BB6F} = {4010C5D0-AA17-4FB0-B5D3-0C8CC119F99E}
		{EE4D46A0-E493-4019-B6D7-F42A217FB1FB} = {BD8CDEF9-B4FF-4335-BD32-02FFC29D51A0}
		{F359E2BA-B1FC-4055-A219-F0775338A670} = {BD8CDEF9-B4FF-4335-BD32-02FFC29D51A0}
		{7666BAE8-D286-4507-A3F6-C815229CB468} = {3B286BA7-0062-4FF4-937B-57F3148821AF}
		{57748472-47EF-4FE4-9D3A-D6480BEC12EC} = {C52C91A3-5390-4BAA-92A4-E1D3E7B9E88A}
		{0CE10CAB-02C9-47B4-AEDA-620BBA042495} = {BD8CDEF9-B4FF-4335-BD32-02FFC29D51A0}
		{59C453D3-5A17-4C9D-B77A-6CB2904718A7} = {BD8CDEF9-B4FF-4335-BD32-02FFC29D51A0}
		{43D2E12E-5855-4858-94B2-7AAB74F72E60} = {64E456B3-86D9-4AAA-A9D2-22D45D6003B7}
		{C980AF88-5670-426C-A4CB-28B8838AD8EC} = {D8F27CC4-067F-4F2D-A82B-6CB90F00E395}
	EndGlobalSection
	GlobalSection(ExtensibilityGlobals) = postSolution
		SolutionGuid = {4BF6476A-CAFA-44D0-8F59-FC6FD0058EC4}
	EndGlobalSection
EndGlobal
